
Microsoft Visual Studio Solution File, Format Version 12.00
# Visual Studio 15
VisualStudioVersion = 15.0.28307.168
MinimumVisualStudioVersion = 10.0.40219.1
Project("{FAE04EC0-301F-11D3-BF4B-00C04F79EFBC}") = "SnakeGame", "SnakeGame\SnakeGame.csproj", "{29B020C2-435B-42D5-8D0E-27D870D55B86}"
EndProject
Project("{FAE04EC0-301F-11D3-BF4B-00C04F79EFBC}") = "BorderlessForm", "BorderlessForm\BorderlessForm.csproj", "{1C68C9F9-E51F-4E73-AA6B-DE4B32F6BD0D}"
EndProject
Global
	GlobalSection(SolutionConfigurationPlatforms) = preSolution
		Debug|Any CPU = Debug|Any CPU
		Release|Any CPU = Release|Any CPU
	EndGlobalSection
	GlobalSection(ProjectConfigurationPlatforms) = postSolution
		{29B020C2-435B-42D5-8D0E-27D870D55B86}.Debug|Any CPU.ActiveCfg = Debug|Any CPU
		{29B020C2-435B-42D5-8D0E-27D870D55B86}.Debug|Any CPU.Build.0 = Debug|Any CPU
		{29B020C2-435B-42D5-8D0E-27D870D55B86}.Release|Any CPU.ActiveCfg = Release|Any CPU
		{29B020C2-435B-42D5-8D0E-27D870D55B86}.Release|Any CPU.Build.0 = Release|Any CPU
		{1C68C9F9-E51F-4E73-AA6B-DE4B32F6BD0D}.Debug|Any CPU.ActiveCfg = Debug|Any CPU
		{1C68C9F9-E51F-4E73-AA6B-DE4B32F6BD0D}.Debug|Any CPU.Build.0 = Debug|Any CPU
		{1C68C9F9-E51F-4E73-AA6B-DE4B32F6BD0D}.Release|Any CPU.ActiveCfg = Release|Any CPU
		{1C68C9F9-E51F-4E73-AA6B-DE4B32F6BD0D}.Release|Any CPU.Build.0 = Release|Any CPU
	EndGlobalSection
	GlobalSection(SolutionProperties) = preSolution
		HideSolutionNode = FALSE
	EndGlobalSection
	GlobalSection(ExtensibilityGlobals) = postSolution
		SolutionGuid = {9D3A4091-FF39-448A-9F03-D881D4E36077}
	EndGlobalSection
EndGlobal
